
Microsoft Visual Studio Solution File, Format Version 12.00
# Visual Studio 15
VisualStudioVersion = 15.0.28307.168
MinimumVisualStudioVersion = 10.0.40219.1
Project("{FAE04EC0-301F-11D3-BF4B-00C04F79EFBC}") = "DB_Tables", "DB_Tables\DB_Tables.csproj", "{9F006805-FD14-4CAA-8AEC-4082E6295E86}"
EndProject
Global
	GlobalSection(SolutionConfigurationPlatforms) = preSolution
		Debug|Any CPU = Debug|Any CPU
		Release|Any CPU = Release|Any CPU
	EndGlobalSection
	GlobalSection(ProjectConfigurationPlatforms) = postSolution
		{9F006805-FD14-4CAA-8AEC-4082E6295E86}.Debug|Any CPU.ActiveCfg = Debug|Any CPU
		{9F006805-FD14-4CAA-8AEC-4082E6295E86}.Debug|Any CPU.Build.0 = Debug|Any CPU
		{9F006805-FD14-4CAA-8AEC-4082E6295E86}.Release|Any CPU.ActiveCfg = Release|Any CPU
		{9F006805-FD14-4CAA-8AEC-4082E6295E86}.Release|Any CPU.Build.0 = Release|Any CPU
	EndGlobalSection
	GlobalSection(SolutionProperties) = preSolution
		HideSolutionNode = FALSE
	EndGlobalSection
	GlobalSection(ExtensibilityGlobals) = postSolution
		SolutionGuid = {E55C72C6-FC6F-4910-9428-D338BCF6739E}
	EndGlobalSection
EndGlobal
